// !$*UTF8*$!
{
	archiveVersion = 1;
	classes = {
	};
	objectVersion = 50;
	objects = {

/* Begin PBXBuildFile section */
		5500D64B2A2FE238001325C8 /* LoginViewController.xib in Resources */ = {isa = PBXBuildFile; fileRef = 5500D64A2A2FE238001325C8 /* LoginViewController.xib */; };
		5500D6502A2FE868001325C8 /* PlayerViewController.xib in Resources */ = {isa = PBXBuildFile; fileRef = 5500D64F2A2FE868001325C8 /* PlayerViewController.xib */; };
		55272EEA2A22A68900942915 /* LoginViewController.swift in Sources */ = {isa = PBXBuildFile; fileRef = 55272EE92A22A68900942915 /* LoginViewController.swift */; };
		556BDE812A214893008BF02D /* PlayerViewController.swift in Sources */ = {isa = PBXBuildFile; fileRef = 556BDE802A214893008BF02D /* PlayerViewController.swift */; };
		55C868652A27E3390058A1B1 /* VideosListViewController.swift in Sources */ = {isa = PBXBuildFile; fileRef = 55C868642A27E3390058A1B1 /* VideosListViewController.swift */; };
		55E6EEF22A2141FA001D6192 /* AppDelegate.swift in Sources */ = {isa = PBXBuildFile; fileRef = 55E6EEF12A2141FA001D6192 /* AppDelegate.swift */; };
		55E6EEF42A2141FA001D6192 /* SceneDelegate.swift in Sources */ = {isa = PBXBuildFile; fileRef = 55E6EEF32A2141FA001D6192 /* SceneDelegate.swift */; };
		55E6EEF92A2141FA001D6192 /* Main.storyboard in Resources */ = {isa = PBXBuildFile; fileRef = 55E6EEF72A2141FA001D6192 /* Main.storyboard */; };
		55E6EEFB2A214206001D6192 /* Assets.xcassets in Resources */ = {isa = PBXBuildFile; fileRef = 55E6EEFA2A214206001D6192 /* Assets.xcassets */; };
		55E6EEFE2A214206001D6192 /* LaunchScreen.storyboard in Resources */ = {isa = PBXBuildFile; fileRef = 55E6EEFC2A214206001D6192 /* LaunchScreen.storyboard */; };
		55E706DE2A3A72A200BC0374 /* VideoTableViewCell.swift in Sources */ = {isa = PBXBuildFile; fileRef = 55E706DD2A3A72A200BC0374 /* VideoTableViewCell.swift */; };
/* End PBXBuildFile section */

/* Begin PBXFileReference section */
		5500D64A2A2FE238001325C8 /* LoginViewController.xib */ = {isa = PBXFileReference; lastKnownFileType = file.xib; path = LoginViewController.xib; sourceTree = "<group>"; };
		5500D64F2A2FE868001325C8 /* PlayerViewController.xib */ = {isa = PBXFileReference; lastKnownFileType = file.xib; path = PlayerViewController.xib; sourceTree = "<group>"; };
		55272EE92A22A68900942915 /* LoginViewController.swift */ = {isa = PBXFileReference; lastKnownFileType = sourcecode.swift; path = LoginViewController.swift; sourceTree = "<group>"; };
		556BDE802A214893008BF02D /* PlayerViewController.swift */ = {isa = PBXFileReference; fileEncoding = 4; lastKnownFileType = sourcecode.swift; path = PlayerViewController.swift; sourceTree = "<group>"; };
		55C868642A27E3390058A1B1 /* VideosListViewController.swift */ = {isa = PBXFileReference; lastKnownFileType = sourcecode.swift; path = VideosListViewController.swift; sourceTree = "<group>"; };
		55E6EEEE2A2141FA001D6192 /* YoutubeProject.app */ = {isa = PBXFileReference; explicitFileType = wrapper.application; includeInIndex = 0; path = YoutubeProject.app; sourceTree = BUILT_PRODUCTS_DIR; };
		55E6EEF12A2141FA001D6192 /* AppDelegate.swift */ = {isa = PBXFileReference; lastKnownFileType = sourcecode.swift; path = AppDelegate.swift; sourceTree = "<group>"; };
		55E6EEF32A2141FA001D6192 /* SceneDelegate.swift */ = {isa = PBXFileReference; lastKnownFileType = sourcecode.swift; path = SceneDelegate.swift; sourceTree = "<group>"; };
		55E6EEF82A2141FA001D6192 /* Base */ = {isa = PBXFileReference; lastKnownFileType = file.storyboard; name = Base; path = Base.lproj/Main.storyboard; sourceTree = "<group>"; };
		55E6EEFA2A214206001D6192 /* Assets.xcassets */ = {isa = PBXFileReference; lastKnownFileType = folder.assetcatalog; path = Assets.xcassets; sourceTree = "<group>"; };
		55E6EEFD2A214206001D6192 /* Base */ = {isa = PBXFileReference; lastKnownFileType = file.storyboard; name = Base; path = Base.lproj/LaunchScreen.storyboard; sourceTree = "<group>"; };
		55E6EEFF2A214206001D6192 /* Info.plist */ = {isa = PBXFileReference; lastKnownFileType = text.plist.xml; path = Info.plist; sourceTree = "<group>"; };
		55E706DD2A3A72A200BC0374 /* VideoTableViewCell.swift */ = {isa = PBXFileReference; lastKnownFileType = sourcecode.swift; path = VideoTableViewCell.swift; sourceTree = "<group>"; };
/* End PBXFileReference section */

/* Begin PBXFrameworksBuildPhase section */
		55E6EEEB2A2141FA001D6192 /* Frameworks */ = {
			isa = PBXFrameworksBuildPhase;
			buildActionMask = 2147483647;
			files = (
			);
			runOnlyForDeploymentPostprocessing = 0;
		};
/* End PBXFrameworksBuildPhase section */

/* Begin PBXGroup section */
		553E6E522A27E6E100F4FC13 /* Resources  */ = {
			isa = PBXGroup;
			children = (
				55E6EEFC2A214206001D6192 /* LaunchScreen.storyboard */,
				55E6EEF72A2141FA001D6192 /* Main.storyboard */,
				55E6EEFA2A214206001D6192 /* Assets.xcassets */,
			);
			path = "Resources ";
			sourceTree = "<group>";
		};
		55E5A2C72A36700100031083 /* Controllers */ = {
			isa = PBXGroup;
			children = (
				55C868642A27E3390058A1B1 /* VideosListViewController.swift */,
				55272EE92A22A68900942915 /* LoginViewController.swift */,
				5500D64F2A2FE868001325C8 /* PlayerViewController.xib */,
				5500D64A2A2FE238001325C8 /* LoginViewController.xib */,
				556BDE802A214893008BF02D /* PlayerViewController.swift */,
			);
			path = Controllers;
			sourceTree = "<group>";
		};
		55E5A2C82A3671E500031083 /* Model */ = {
			isa = PBXGroup;
			children = (
			);
			path = Model;
			sourceTree = "<group>";
		};
		55E5A2C92A3671F000031083 /* View */ = {
			isa = PBXGroup;
			children = (
				55E706DD2A3A72A200BC0374 /* VideoTableViewCell.swift */,
			);
			path = View;
			sourceTree = "<group>";
		};
		55E6EEE52A2141FA001D6192 = {
			isa = PBXGroup;
			children = (
				55E6EEF02A2141FA001D6192 /* YoutubeProject */,
				55E6EEEF2A2141FA001D6192 /* Products */,
			);
			sourceTree = "<group>";
		};
		55E6EEEF2A2141FA001D6192 /* Products */ = {
			isa = PBXGroup;
			children = (
				55E6EEEE2A2141FA001D6192 /* YoutubeProject.app */,
			);
			name = Products;
			sourceTree = "<group>";
		};
		55E6EEF02A2141FA001D6192 /* YoutubeProject */ = {
			isa = PBXGroup;
			children = (
				55E5A2C82A3671E500031083 /* Model */,
				55E5A2C92A3671F000031083 /* View */,
				55E5A2C72A36700100031083 /* Controllers */,
				55E6EEF12A2141FA001D6192 /* AppDelegate.swift */,
				55E6EEF32A2141FA001D6192 /* SceneDelegate.swift */,
				55E6EEFF2A214206001D6192 /* Info.plist */,
				553E6E522A27E6E100F4FC13 /* Resources  */,
			);
			path = YoutubeProject;
			sourceTree = "<group>";
		};
/* End PBXGroup section */

/* Begin PBXNativeTarget section */
		55E6EEED2A2141FA001D6192 /* YoutubeProject */ = {
			isa = PBXNativeTarget;
			buildConfigurationList = 55E6EF182A214207001D6192 /* Build configuration list for PBXNativeTarget "YoutubeProject" */;
			buildPhases = (
				55E6EEEA2A2141FA001D6192 /* Sources */,
				55E6EEEB2A2141FA001D6192 /* Frameworks */,
				55E6EEEC2A2141FA001D6192 /* Resources */,
			);
			buildRules = (
			);
			dependencies = (
			);
			name = YoutubeProject;
			productName = YoutubeProject;
			productReference = 55E6EEEE2A2141FA001D6192 /* YoutubeProject.app */;
			productType = "com.apple.product-type.application";
		};
/* End PBXNativeTarget section */

/* Begin PBXProject section */
		55E6EEE62A2141FA001D6192 /* Project object */ = {
			isa = PBXProject;
			attributes = {
				LastSwiftUpdateCheck = 1240;
				LastUpgradeCheck = 1240;
				TargetAttributes = {
					55E6EEED2A2141FA001D6192 = {
						CreatedOnToolsVersion = 12.4;
					};
				};
			};
			buildConfigurationList = 55E6EEE92A2141FA001D6192 /* Build configuration list for PBXProject "YoutubeProject" */;
			compatibilityVersion = "Xcode 9.3";
			developmentRegion = en;
			hasScannedForEncodings = 0;
			knownRegions = (
				en,
				Base,
			);
			mainGroup = 55E6EEE52A2141FA001D6192;
			productRefGroup = 55E6EEEF2A2141FA001D6192 /* Products */;
			projectDirPath = "";
			projectRoot = "";
			targets = (
				55E6EEED2A2141FA001D6192 /* YoutubeProject */,
			);
		};
/* End PBXProject section */

/* Begin PBXResourcesBuildPhase section */
		55E6EEEC2A2141FA001D6192 /* Resources */ = {
			isa = PBXResourcesBuildPhase;
			buildActionMask = 2147483647;
			files = (
				5500D64B2A2FE238001325C8 /* LoginViewController.xib in Resources */,
				5500D6502A2FE868001325C8 /* PlayerViewController.xib in Resources */,
				55E6EEFE2A214206001D6192 /* LaunchScreen.storyboard in Resources */,
				55E6EEFB2A214206001D6192 /* Assets.xcassets in Resources */,
				55E6EEF92A2141FA001D6192 /* Main.storyboard in Resources */,
			);
			runOnlyForDeploymentPostprocessing = 0;
		};
/* End PBXResourcesBuildPhase section */

/* Begin PBXSourcesBuildPhase section */
		55E6EEEA2A2141FA001D6192 /* Sources */ = {
			isa = PBXSourcesBuildPhase;
			buildActionMask = 2147483647;
			files = (
				55272EEA2A22A68900942915 /* LoginViewController.swift in Sources */,
				55E6EEF22A2141FA001D6192 /* AppDelegate.swift in Sources */,
				55E6EEF42A2141FA001D6192 /* SceneDelegate.swift in Sources */,
				55E706DE2A3A72A200BC0374 /* VideoTableViewCell.swift in Sources */,
				55C868652A27E3390058A1B1 /* VideosListViewController.swift in Sources */,
				556BDE812A214893008BF02D /* PlayerViewController.swift in Sources */,
			);
			runOnlyForDeploymentPostprocessing = 0;
		};
/* End PBXSourcesBuildPhase section */

/* Begin PBXVariantGroup section */
		55E6EEF72A2141FA001D6192 /* Main.storyboard */ = {
			isa = PBXVariantGroup;
			children = (
				55E6EEF82A2141FA001D6192 /* Base */,
			);
			name = Main.storyboard;
			sourceTree = "<group>";
		};
		55E6EEFC2A214206001D6192 /* LaunchScreen.storyboard */ = {
			isa = PBXVariantGroup;
			children = (
				55E6EEFD2A214206001D6192 /* Base */,
			);
			name = LaunchScreen.storyboard;
			sourceTree = "<group>";
		};
/* End PBXVariantGroup section */

/* Begin XCBuildConfiguration section */
		55E6EF162A214207001D6192 /* Debug */ = {
			isa = XCBuildConfiguration;
			buildSettings = {
				ALWAYS_SEARCH_USER_PATHS = NO;
				CLANG_ANALYZER_NONNULL = YES;
				CLANG_ANALYZER_NUMBER_OBJECT_CONVERSION = YES_AGGRESSIVE;
				CLANG_CXX_LANGUAGE_STANDARD = "gnu++14";
				CLANG_CXX_LIBRARY = "libc++";
				CLANG_ENABLE_MODULES = YES;
				CLANG_ENABLE_OBJC_ARC = YES;
				CLANG_ENABLE_OBJC_WEAK = YES;
				CLANG_WARN_BLOCK_CAPTURE_AUTORELEASING = YES;
				CLANG_WARN_BOOL_CONVERSION = YES;
				CLANG_WARN_COMMA = YES;
				CLANG_WARN_CONSTANT_CONVERSION = YES;
				CLANG_WARN_DEPRECATED_OBJC_IMPLEMENTATIONS = YES;
				CLANG_WARN_DIRECT_OBJC_ISA_USAGE = YES_ERROR;
				CLANG_WARN_DOCUMENTATION_COMMENTS = YES;
				CLANG_WARN_EMPTY_BODY = YES;
				CLANG_WARN_ENUM_CONVERSION = YES;
				CLANG_WARN_INFINITE_RECURSION = YES;
				CLANG_WARN_INT_CONVERSION = YES;
				CLANG_WARN_NON_LITERAL_NULL_CONVERSION = YES;
				CLANG_WARN_OBJC_IMPLICIT_RETAIN_SELF = YES;
				CLANG_WARN_OBJC_LITERAL_CONVERSION = YES;
				CLANG_WARN_OBJC_ROOT_CLASS = YES_ERROR;
				CLANG_WARN_QUOTED_INCLUDE_IN_FRAMEWORK_HEADER = YES;
				CLANG_WARN_RANGE_LOOP_ANALYSIS = YES;
				CLANG_WARN_STRICT_PROTOTYPES = YES;
				CLANG_WARN_SUSPICIOUS_MOVE = YES;
				CLANG_WARN_UNGUARDED_AVAILABILITY = YES_AGGRESSIVE;
				CLANG_WARN_UNREACHABLE_CODE = YES;
				CLANG_WARN__DUPLICATE_METHOD_MATCH = YES;
				COPY_PHASE_STRIP = NO;
				DEBUG_INFORMATION_FORMAT = dwarf;
				ENABLE_STRICT_OBJC_MSGSEND = YES;
				ENABLE_TESTABILITY = YES;
				GCC_C_LANGUAGE_STANDARD = gnu11;
				GCC_DYNAMIC_NO_PIC = NO;
				GCC_NO_COMMON_BLOCKS = YES;
				GCC_OPTIMIZATION_LEVEL = 0;
				GCC_PREPROCESSOR_DEFINITIONS = (
					"DEBUG=1",
					"$(inherited)",
				);
				GCC_WARN_64_TO_32_BIT_CONVERSION = YES;
				GCC_WARN_ABOUT_RETURN_TYPE = YES_ERROR;
				GCC_WARN_UNDECLARED_SELECTOR = YES;
				GCC_WARN_UNINITIALIZED_AUTOS = YES_AGGRESSIVE;
				GCC_WARN_UNUSED_FUNCTION = YES;
				GCC_WARN_UNUSED_VARIABLE = YES;
				IPHONEOS_DEPLOYMENT_TARGET = 14.4;
				MTL_ENABLE_DEBUG_INFO = INCLUDE_SOURCE;
				MTL_FAST_MATH = YES;
				ONLY_ACTIVE_ARCH = YES;
				SDKROOT = iphoneos;
				SWIFT_ACTIVE_COMPILATION_CONDITIONS = DEBUG;
				SWIFT_OPTIMIZATION_LEVEL = "-Onone";
			};
			name = Debug;
		};
		55E6EF172A214207001D6192 /* Release */ = {
			isa = XCBuildConfiguration;
			buildSettings = {
				ALWAYS_SEARCH_USER_PATHS = NO;
				CLANG_ANALYZER_NONNULL = YES;
				CLANG_ANALYZER_NUMBER_OBJECT_CONVERSION = YES_AGGRESSIVE;
				CLANG_CXX_LANGUAGE_STANDARD = "gnu++14";
				CLANG_CXX_LIBRARY = "libc++";
				CLANG_ENABLE_MODULES = YES;
				CLANG_ENABLE_OBJC_ARC = YES;
				CLANG_ENABLE_OBJC_WEAK = YES;
				CLANG_WARN_BLOCK_CAPTURE_AUTORELEASING = YES;
				CLANG_WARN_BOOL_CONVERSION = YES;
				CLANG_WARN_COMMA = YES;
				CLANG_WARN_CONSTANT_CONVERSION = YES;
				CLANG_WARN_DEPRECATED_OBJC_IMPLEMENTATIONS = YES;
				CLANG_WARN_DIRECT_OBJC_ISA_USAGE = YES_ERROR;
				CLANG_WARN_DOCUMENTATION_COMMENTS = YES;
				CLANG_WARN_EMPTY_BODY = YES;
				CLANG_WARN_ENUM_CONVERSION = YES;
				CLANG_WARN_INFINITE_RECURSION = YES;
				CLANG_WARN_INT_CONVERSION = YES;
				CLANG_WARN_NON_LITERAL_NULL_CONVERSION = YES;
				CLANG_WARN_OBJC_IMPLICIT_RETAIN_SELF = YES;
				CLANG_WARN_OBJC_LITERAL_CONVERSION = YES;
				CLANG_WARN_OBJC_ROOT_CLASS = YES_ERROR;
				CLANG_WARN_QUOTED_INCLUDE_IN_FRAMEWORK_HEADER = YES;
				CLANG_WARN_RANGE_LOOP_ANALYSIS = YES;
				CLANG_WARN_STRICT_PROTOTYPES = YES;
				CLANG_WARN_SUSPICIOUS_MOVE = YES;
				CLANG_WARN_UNGUARDED_AVAILABILITY = YES_AGGRESSIVE;
				CLANG_WARN_UNREACHABLE_CODE = YES;
				CLANG_WARN__DUPLICATE_METHOD_MATCH = YES;
				COPY_PHASE_STRIP = NO;
				DEBUG_INFORMATION_FORMAT = "dwarf-with-dsym";
				ENABLE_NS_ASSERTIONS = NO;
				ENABLE_STRICT_OBJC_MSGSEND = YES;
				GCC_C_LANGUAGE_STANDARD = gnu11;
				GCC_NO_COMMON_BLOCKS = YES;
				GCC_WARN_64_TO_32_BIT_CONVERSION = YES;
				GCC_WARN_ABOUT_RETURN_TYPE = YES_ERROR;
				GCC_WARN_UNDECLARED_SELECTOR = YES;
				GCC_WARN_UNINITIALIZED_AUTOS = YES_AGGRESSIVE;
				GCC_WARN_UNUSED_FUNCTION = YES;
				GCC_WARN_UNUSED_VARIABLE = YES;
				IPHONEOS_DEPLOYMENT_TARGET = 14.4;
				MTL_ENABLE_DEBUG_INFO = NO;
				MTL_FAST_MATH = YES;
				SDKROOT = iphoneos;
				SWIFT_COMPILATION_MODE = wholemodule;
				SWIFT_OPTIMIZATION_LEVEL = "-O";
				VALIDATE_PRODUCT = YES;
			};
			name = Release;
		};
		55E6EF192A214207001D6192 /* Debug */ = {
			isa = XCBuildConfiguration;
			buildSettings = {
				ASSETCATALOG_COMPILER_APPICON_NAME = AppIcon;
				ASSETCATALOG_COMPILER_GLOBAL_ACCENT_COLOR_NAME = AccentColor;
				CODE_SIGN_STYLE = Automatic;
				INFOPLIST_FILE = YoutubeProject/Info.plist;
				LD_RUNPATH_SEARCH_PATHS = (
					"$(inherited)",
					"@executable_path/Frameworks",
				);
				PRODUCT_BUNDLE_IDENTIFIER = com.YoutubeProject;
				PRODUCT_NAME = "$(TARGET_NAME)";
				SWIFT_VERSION = 5.0;
				TARGETED_DEVICE_FAMILY = "1,2";
			};
			name = Debug;
		};
		55E6EF1A2A214207001D6192 /* Release */ = {
			isa = XCBuildConfiguration;
			buildSettings = {
				ASSETCATALOG_COMPILER_APPICON_NAME = AppIcon;
				ASSETCATALOG_COMPILER_GLOBAL_ACCENT_COLOR_NAME = AccentColor;
				CODE_SIGN_STYLE = Automatic;
				INFOPLIST_FILE = YoutubeProject/Info.plist;
				LD_RUNPATH_SEARCH_PATHS = (
					"$(inherited)",
					"@executable_path/Frameworks",
				);
				PRODUCT_BUNDLE_IDENTIFIER = com.YoutubeProject;
				PRODUCT_NAME = "$(TARGET_NAME)";
				SWIFT_VERSION = 5.0;
				TARGETED_DEVICE_FAMILY = "1,2";
			};
			name = Release;
		};
/* End XCBuildConfiguration section */

/* Begin XCConfigurationList section */
		55E6EEE92A2141FA001D6192 /* Build configuration list for PBXProject "YoutubeProject" */ = {
			isa = XCConfigurationList;
			buildConfigurations = (
				55E6EF162A214207001D6192 /* Debug */,
				55E6EF172A214207001D6192 /* Release */,
			);
			defaultConfigurationIsVisible = 0;
			defaultConfigurationName = Release;
		};
		55E6EF182A214207001D6192 /* Build configuration list for PBXNativeTarget "YoutubeProject" */ = {
			isa = XCConfigurationList;
			buildConfigurations = (
				55E6EF192A214207001D6192 /* Debug */,
				55E6EF1A2A214207001D6192 /* Release */,
			);
			defaultConfigurationIsVisible = 0;
			defaultConfigurationName = Release;
		};
/* End XCConfigurationList section */
	};
	rootObject = 55E6EEE62A2141FA001D6192 /* Project object */;
}
