// !$*UTF8*$!
{
	archiveVersion = 1;
	classes = {
	};
	objectVersion = 50;
	objects = {

/* Begin PBXBuildFile section */
		55272EEA2A22A68900942915 /* LoginViewController.swift in Sources */ = {isa = PBXBuildFile; fileRef = 55272EE92A22A68900942915 /* LoginViewController.swift */; };
		556BDE812A214893008BF02D /* PlayerViewController.swift in Sources */ = {isa = PBXBuildFile; fileRef = 556BDE802A214893008BF02D /* PlayerViewController.swift */; };
		55E6EEF22A2141FA001D6192 /* AppDelegate.swift in Sources */ = {isa = PBXBuildFile; fileRef = 55E6EEF12A2141FA001D6192 /* AppDelegate.swift */; };
		55E6EEF42A2141FA001D6192 /* SceneDelegate.swift in Sources */ = {isa = PBXBuildFile; fileRef = 55E6EEF32A2141FA001D6192 /* SceneDelegate.swift */; };
		55E6EEF92A2141FA001D6192 /* Main.storyboard in Resources */ = {isa = PBXBuildFile; fileRef = 55E6EEF72A2141FA001D6192 /* Main.storyboard */; };
		55E6EEFB2A214206001D6192 /* Assets.xcassets in Resources */ = {isa = PBXBuildFile; fileRef = 55E6EEFA2A214206001D6192 /* Assets.xcassets */; };
		55E6EEFE2A214206001D6192 /* LaunchScreen.storyboard in Resources */ = {isa = PBXBuildFile; fileRef = 55E6EEFC2A214206001D6192 /* LaunchScreen.storyboard */; };
		55E6EF092A214207001D6192 /* YoutubeProjectTests.swift in Sources */ = {isa = PBXBuildFile; fileRef = 55E6EF082A214207001D6192 /* YoutubeProjectTests.swift */; };
		55E6EF142A214207001D6192 /* YoutubeProjectUITests.swift in Sources */ = {isa = PBXBuildFile; fileRef = 55E6EF132A214207001D6192 /* YoutubeProjectUITests.swift */; };
/* End PBXBuildFile section */

/* Begin PBXContainerItemProxy section */
		55E6EF052A214207001D6192 /* PBXContainerItemProxy */ = {
			isa = PBXContainerItemProxy;
			containerPortal = 55E6EEE62A2141FA001D6192 /* Project object */;
			proxyType = 1;
			remoteGlobalIDString = 55E6EEED2A2141FA001D6192;
			remoteInfo = YoutubeProject;
		};
		55E6EF102A214207001D6192 /* PBXContainerItemProxy */ = {
			isa = PBXContainerItemProxy;
			containerPortal = 55E6EEE62A2141FA001D6192 /* Project object */;
			proxyType = 1;
			remoteGlobalIDString = 55E6EEED2A2141FA001D6192;
			remoteInfo = YoutubeProject;
		};
/* End PBXContainerItemProxy section */

/* Begin PBXFileReference section */
		55272EE92A22A68900942915 /* LoginViewController.swift */ = {isa = PBXFileReference; lastKnownFileType = sourcecode.swift; path = LoginViewController.swift; sourceTree = "<group>"; };
		556BDE802A214893008BF02D /* PlayerViewController.swift */ = {isa = PBXFileReference; fileEncoding = 4; lastKnownFileType = sourcecode.swift; path = PlayerViewController.swift; sourceTree = "<group>"; };
		55E6EEEE2A2141FA001D6192 /* YoutubeProject.app */ = {isa = PBXFileReference; explicitFileType = wrapper.application; includeInIndex = 0; path = YoutubeProject.app; sourceTree = BUILT_PRODUCTS_DIR; };
		55E6EEF12A2141FA001D6192 /* AppDelegate.swift */ = {isa = PBXFileReference; lastKnownFileType = sourcecode.swift; path = AppDelegate.swift; sourceTree = "<group>"; };
		55E6EEF32A2141FA001D6192 /* SceneDelegate.swift */ = {isa = PBXFileReference; lastKnownFileType = sourcecode.swift; path = SceneDelegate.swift; sourceTree = "<group>"; };
		55E6EEF82A2141FA001D6192 /* Base */ = {isa = PBXFileReference; lastKnownFileType = file.storyboard; name = Base; path = Base.lproj/Main.storyboard; sourceTree = "<group>"; };
		55E6EEFA2A214206001D6192 /* Assets.xcassets */ = {isa = PBXFileReference; lastKnownFileType = folder.assetcatalog; path = Assets.xcassets; sourceTree = "<group>"; };
		55E6EEFD2A214206001D6192 /* Base */ = {isa = PBXFileReference; lastKnownFileType = file.storyboard; name = Base; path = Base.lproj/LaunchScreen.storyboard; sourceTree = "<group>"; };
		55E6EEFF2A214206001D6192 /* Info.plist */ = {isa = PBXFileReference; lastKnownFileType = text.plist.xml; path = Info.plist; sourceTree = "<group>"; };
		55E6EF042A214207001D6192 /* YoutubeProjectTests.xctest */ = {isa = PBXFileReference; explicitFileType = wrapper.cfbundle; includeInIndex = 0; path = YoutubeProjectTests.xctest; sourceTree = BUILT_PRODUCTS_DIR; };
		55E6EF082A214207001D6192 /* YoutubeProjectTests.swift */ = {isa = PBXFileReference; lastKnownFileType = sourcecode.swift; path = YoutubeProjectTests.swift; sourceTree = "<group>"; };
		55E6EF0A2A214207001D6192 /* Info.plist */ = {isa = PBXFileReference; lastKnownFileType = text.plist.xml; path = Info.plist; sourceTree = "<group>"; };
		55E6EF0F2A214207001D6192 /* YoutubeProjectUITests.xctest */ = {isa = PBXFileReference; explicitFileType = wrapper.cfbundle; includeInIndex = 0; path = YoutubeProjectUITests.xctest; sourceTree = BUILT_PRODUCTS_DIR; };
		55E6EF132A214207001D6192 /* YoutubeProjectUITests.swift */ = {isa = PBXFileReference; lastKnownFileType = sourcecode.swift; path = YoutubeProjectUITests.swift; sourceTree = "<group>"; };
		55E6EF152A214207001D6192 /* Info.plist */ = {isa = PBXFileReference; lastKnownFileType = text.plist.xml; path = Info.plist; sourceTree = "<group>"; };
/* End PBXFileReference section */

/* Begin PBXFrameworksBuildPhase section */
		55E6EEEB2A2141FA001D6192 /* Frameworks */ = {
			isa = PBXFrameworksBuildPhase;
			buildActionMask = 2147483647;
			files = (
			);
			runOnlyForDeploymentPostprocessing = 0;
		};
		55E6EF012A214207001D6192 /* Frameworks */ = {
			isa = PBXFrameworksBuildPhase;
			buildActionMask = 2147483647;
			files = (
			);
			runOnlyForDeploymentPostprocessing = 0;
		};
		55E6EF0C2A214207001D6192 /* Frameworks */ = {
			isa = PBXFrameworksBuildPhase;
			buildActionMask = 2147483647;
			files = (
			);
			runOnlyForDeploymentPostprocessing = 0;
		};
/* End PBXFrameworksBuildPhase section */

/* Begin PBXGroup section */
		55E6EEE52A2141FA001D6192 = {
			isa = PBXGroup;
			children = (
				55E6EEF02A2141FA001D6192 /* YoutubeProject */,
				55E6EF072A214207001D6192 /* YoutubeProjectTests */,
				55E6EF122A214207001D6192 /* YoutubeProjectUITests */,
				55E6EEEF2A2141FA001D6192 /* Products */,
			);
			sourceTree = "<group>";
		};
		55E6EEEF2A2141FA001D6192 /* Products */ = {
			isa = PBXGroup;
			children = (
				55E6EEEE2A2141FA001D6192 /* YoutubeProject.app */,
				55E6EF042A214207001D6192 /* YoutubeProjectTests.xctest */,
				55E6EF0F2A214207001D6192 /* YoutubeProjectUITests.xctest */,
			);
			name = Products;
			sourceTree = "<group>";
		};
		55E6EEF02A2141FA001D6192 /* YoutubeProject */ = {
			isa = PBXGroup;
			children = (
				55E6EEF12A2141FA001D6192 /* AppDelegate.swift */,
				55E6EEF32A2141FA001D6192 /* SceneDelegate.swift */,
				556BDE802A214893008BF02D /* PlayerViewController.swift */,
				55272EE92A22A68900942915 /* LoginViewController.swift */,
				55E6EEF72A2141FA001D6192 /* Main.storyboard */,
				55E6EEFA2A214206001D6192 /* Assets.xcassets */,
				55E6EEFC2A214206001D6192 /* LaunchScreen.storyboard */,
				55E6EEFF2A214206001D6192 /* Info.plist */,
			);
			path = YoutubeProject;
			sourceTree = "<group>";
		};
		55E6EF072A214207001D6192 /* YoutubeProjectTests */ = {
			isa = PBXGroup;
			children = (
				55E6EF082A214207001D6192 /* YoutubeProjectTests.swift */,
				55E6EF0A2A214207001D6192 /* Info.plist */,
			);
			path = YoutubeProjectTests;
			sourceTree = "<group>";
		};
		55E6EF122A214207001D6192 /* YoutubeProjectUITests */ = {
			isa = PBXGroup;
			children = (
				55E6EF132A214207001D6192 /* YoutubeProjectUITests.swift */,
				55E6EF152A214207001D6192 /* Info.plist */,
			);
			path = YoutubeProjectUITests;
			sourceTree = "<group>";
		};
/* End PBXGroup section */

/* Begin PBXNativeTarget section */
		55E6EEED2A2141FA001D6192 /* YoutubeProject */ = {
			isa = PBXNativeTarget;
			buildConfigurationList = 55E6EF182A214207001D6192 /* Build configuration list for PBXNativeTarget "YoutubeProject" */;
			buildPhases = (
				55E6EEEA2A2141FA001D6192 /* Sources */,
				55E6EEEB2A2141FA001D6192 /* Frameworks */,
				55E6EEEC2A2141FA001D6192 /* Resources */,
			);
			buildRules = (
			);
			dependencies = (
			);
			name = YoutubeProject;
			productName = YoutubeProject;
			productReference = 55E6EEEE2A2141FA001D6192 /* YoutubeProject.app */;
			productType = "com.apple.product-type.application";
		};
		55E6EF032A214207001D6192 /* YoutubeProjectTests */ = {
			isa = PBXNativeTarget;
			buildConfigurationList = 55E6EF1B2A214207001D6192 /* Build configuration list for PBXNativeTarget "YoutubeProjectTests" */;
			buildPhases = (
				55E6EF002A214207001D6192 /* Sources */,
				55E6EF012A214207001D6192 /* Frameworks */,
				55E6EF022A214207001D6192 /* Resources */,
			);
			buildRules = (
			);
			dependencies = (
				55E6EF062A214207001D6192 /* PBXTargetDependency */,
			);
			name = YoutubeProjectTests;
			productName = YoutubeProjectTests;
			productReference = 55E6EF042A214207001D6192 /* YoutubeProjectTests.xctest */;
			productType = "com.apple.product-type.bundle.unit-test";
		};
		55E6EF0E2A214207001D6192 /* YoutubeProjectUITests */ = {
			isa = PBXNativeTarget;
			buildConfigurationList = 55E6EF1E2A214207001D6192 /* Build configuration list for PBXNativeTarget "YoutubeProjectUITests" */;
			buildPhases = (
				55E6EF0B2A214207001D6192 /* Sources */,
				55E6EF0C2A214207001D6192 /* Frameworks */,
				55E6EF0D2A214207001D6192 /* Resources */,
			);
			buildRules = (
			);
			dependencies = (
				55E6EF112A214207001D6192 /* PBXTargetDependency */,
			);
			name = YoutubeProjectUITests;
			productName = YoutubeProjectUITests;
			productReference = 55E6EF0F2A214207001D6192 /* YoutubeProjectUITests.xctest */;
			productType = "com.apple.product-type.bundle.ui-testing";
		};
/* End PBXNativeTarget section */

/* Begin PBXProject section */
		55E6EEE62A2141FA001D6192 /* Project object */ = {
			isa = PBXProject;
			attributes = {
				LastSwiftUpdateCheck = 1240;
				LastUpgradeCheck = 1240;
				TargetAttributes = {
					55E6EEED2A2141FA001D6192 = {
						CreatedOnToolsVersion = 12.4;
					};
					55E6EF032A214207001D6192 = {
						CreatedOnToolsVersion = 12.4;
						TestTargetID = 55E6EEED2A2141FA001D6192;
					};
					55E6EF0E2A214207001D6192 = {
						CreatedOnToolsVersion = 12.4;
						TestTargetID = 55E6EEED2A2141FA001D6192;
					};
				};
			};
			buildConfigurationList = 55E6EEE92A2141FA001D6192 /* Build configuration list for PBXProject "YoutubeProject" */;
			compatibilityVersion = "Xcode 9.3";
			developmentRegion = en;
			hasScannedForEncodings = 0;
			knownRegions = (
				en,
				Base,
			);
			mainGroup = 55E6EEE52A2141FA001D6192;
			productRefGroup = 55E6EEEF2A2141FA001D6192 /* Products */;
			projectDirPath = "";
			projectRoot = "";
			targets = (
				55E6EEED2A2141FA001D6192 /* YoutubeProject */,
				55E6EF032A214207001D6192 /* YoutubeProjectTests */,
				55E6EF0E2A214207001D6192 /* YoutubeProjectUITests */,
			);
		};
/* End PBXProject section */

/* Begin PBXResourcesBuildPhase section */
		55E6EEEC2A2141FA001D6192 /* Resources */ = {
			isa = PBXResourcesBuildPhase;
			buildActionMask = 2147483647;
			files = (
				55E6EEFE2A214206001D6192 /* LaunchScreen.storyboard in Resources */,
				55E6EEFB2A214206001D6192 /* Assets.xcassets in Resources */,
				55E6EEF92A2141FA001D6192 /* Main.storyboard in Resources */,
			);
			runOnlyForDeploymentPostprocessing = 0;
		};
		55E6EF022A214207001D6192 /* Resources */ = {
			isa = PBXResourcesBuildPhase;
			buildActionMask = 2147483647;
			files = (
			);
			runOnlyForDeploymentPostprocessing = 0;
		};
		55E6EF0D2A214207001D6192 /* Resources */ = {
			isa = PBXResourcesBuildPhase;
			buildActionMask = 2147483647;
			files = (
			);
			runOnlyForDeploymentPostprocessing = 0;
		};
/* End PBXResourcesBuildPhase section */

/* Begin PBXSourcesBuildPhase section */
		55E6EEEA2A2141FA001D6192 /* Sources */ = {
			isa = PBXSourcesBuildPhase;
			buildActionMask = 2147483647;
			files = (
				55272EEA2A22A68900942915 /* LoginViewController.swift in Sources */,
				55E6EEF22A2141FA001D6192 /* AppDelegate.swift in Sources */,
				55E6EEF42A2141FA001D6192 /* SceneDelegate.swift in Sources */,
				556BDE812A214893008BF02D /* PlayerViewController.swift in Sources */,
			);
			runOnlyForDeploymentPostprocessing = 0;
		};
		55E6EF002A214207001D6192 /* Sources */ = {
			isa = PBXSourcesBuildPhase;
			buildActionMask = 2147483647;
			files = (
				55E6EF092A214207001D6192 /* YoutubeProjectTests.swift in Sources */,
			);
			runOnlyForDeploymentPostprocessing = 0;
		};
		55E6EF0B2A214207001D6192 /* Sources */ = {
			isa = PBXSourcesBuildPhase;
			buildActionMask = 2147483647;
			files = (
				55E6EF142A214207001D6192 /* YoutubeProjectUITests.swift in Sources */,
			);
			runOnlyForDeploymentPostprocessing = 0;
		};
/* End PBXSourcesBuildPhase section */

/* Begin PBXTargetDependency section */
		55E6EF062A214207001D6192 /* PBXTargetDependency */ = {
			isa = PBXTargetDependency;
			target = 55E6EEED2A2141FA001D6192 /* YoutubeProject */;
			targetProxy = 55E6EF052A214207001D6192 /* PBXContainerItemProxy */;
		};
		55E6EF112A214207001D6192 /* PBXTargetDependency */ = {
			isa = PBXTargetDependency;
			target = 55E6EEED2A2141FA001D6192 /* YoutubeProject */;
			targetProxy = 55E6EF102A214207001D6192 /* PBXContainerItemProxy */;
		};
/* End PBXTargetDependency section */

/* Begin PBXVariantGroup section */
		55E6EEF72A2141FA001D6192 /* Main.storyboard */ = {
			isa = PBXVariantGroup;
			children = (
				55E6EEF82A2141FA001D6192 /* Base */,
			);
			name = Main.storyboard;
			sourceTree = "<group>";
		};
		55E6EEFC2A214206001D6192 /* LaunchScreen.storyboard */ = {
			isa = PBXVariantGroup;
			children = (
				55E6EEFD2A214206001D6192 /* Base */,
			);
			name = LaunchScreen.storyboard;
			sourceTree = "<group>";
		};
/* End PBXVariantGroup section */

/* Begin XCBuildConfiguration section */
		55E6EF162A214207001D6192 /* Debug */ = {
			isa = XCBuildConfiguration;
			buildSettings = {
				ALWAYS_SEARCH_USER_PATHS = NO;
				CLANG_ANALYZER_NONNULL = YES;
				CLANG_ANALYZER_NUMBER_OBJECT_CONVERSION = YES_AGGRESSIVE;
				CLANG_CXX_LANGUAGE_STANDARD = "gnu++14";
				CLANG_CXX_LIBRARY = "libc++";
				CLANG_ENABLE_MODULES = YES;
				CLANG_ENABLE_OBJC_ARC = YES;
				CLANG_ENABLE_OBJC_WEAK = YES;
				CLANG_WARN_BLOCK_CAPTURE_AUTORELEASING = YES;
				CLANG_WARN_BOOL_CONVERSION = YES;
				CLANG_WARN_COMMA = YES;
				CLANG_WARN_CONSTANT_CONVERSION = YES;
				CLANG_WARN_DEPRECATED_OBJC_IMPLEMENTATIONS = YES;
				CLANG_WARN_DIRECT_OBJC_ISA_USAGE = YES_ERROR;
				CLANG_WARN_DOCUMENTATION_COMMENTS = YES;
				CLANG_WARN_EMPTY_BODY = YES;
				CLANG_WARN_ENUM_CONVERSION = YES;
				CLANG_WARN_INFINITE_RECURSION = YES;
				CLANG_WARN_INT_CONVERSION = YES;
				CLANG_WARN_NON_LITERAL_NULL_CONVERSION = YES;
				CLANG_WARN_OBJC_IMPLICIT_RETAIN_SELF = YES;
				CLANG_WARN_OBJC_LITERAL_CONVERSION = YES;
				CLANG_WARN_OBJC_ROOT_CLASS = YES_ERROR;
				CLANG_WARN_QUOTED_INCLUDE_IN_FRAMEWORK_HEADER = YES;
				CLANG_WARN_RANGE_LOOP_ANALYSIS = YES;
				CLANG_WARN_STRICT_PROTOTYPES = YES;
				CLANG_WARN_SUSPICIOUS_MOVE = YES;
				CLANG_WARN_UNGUARDED_AVAILABILITY = YES_AGGRESSIVE;
				CLANG_WARN_UNREACHABLE_CODE = YES;
				CLANG_WARN__DUPLICATE_METHOD_MATCH = YES;
				COPY_PHASE_STRIP = NO;
				DEBUG_INFORMATION_FORMAT = dwarf;
				ENABLE_STRICT_OBJC_MSGSEND = YES;
				ENABLE_TESTABILITY = YES;
				GCC_C_LANGUAGE_STANDARD = gnu11;
				GCC_DYNAMIC_NO_PIC = NO;
				GCC_NO_COMMON_BLOCKS = YES;
				GCC_OPTIMIZATION_LEVEL = 0;
				GCC_PREPROCESSOR_DEFINITIONS = (
					"DEBUG=1",
					"$(inherited)",
				);
				GCC_WARN_64_TO_32_BIT_CONVERSION = YES;
				GCC_WARN_ABOUT_RETURN_TYPE = YES_ERROR;
				GCC_WARN_UNDECLARED_SELECTOR = YES;
				GCC_WARN_UNINITIALIZED_AUTOS = YES_AGGRESSIVE;
				GCC_WARN_UNUSED_FUNCTION = YES;
				GCC_WARN_UNUSED_VARIABLE = YES;
				IPHONEOS_DEPLOYMENT_TARGET = 14.4;
				MTL_ENABLE_DEBUG_INFO = INCLUDE_SOURCE;
				MTL_FAST_MATH = YES;
				ONLY_ACTIVE_ARCH = YES;
				SDKROOT = iphoneos;
				SWIFT_ACTIVE_COMPILATION_CONDITIONS = DEBUG;
				SWIFT_OPTIMIZATION_LEVEL = "-Onone";
			};
			name = Debug;
		};
		55E6EF172A214207001D6192 /* Release */ = {
			isa = XCBuildConfiguration;
			buildSettings = {
				ALWAYS_SEARCH_USER_PATHS = NO;
				CLANG_ANALYZER_NONNULL = YES;
				CLANG_ANALYZER_NUMBER_OBJECT_CONVERSION = YES_AGGRESSIVE;
				CLANG_CXX_LANGUAGE_STANDARD = "gnu++14";
				CLANG_CXX_LIBRARY = "libc++";
				CLANG_ENABLE_MODULES = YES;
				CLANG_ENABLE_OBJC_ARC = YES;
				CLANG_ENABLE_OBJC_WEAK = YES;
				CLANG_WARN_BLOCK_CAPTURE_AUTORELEASING = YES;
				CLANG_WARN_BOOL_CONVERSION = YES;
				CLANG_WARN_COMMA = YES;
				CLANG_WARN_CONSTANT_CONVERSION = YES;
				CLANG_WARN_DEPRECATED_OBJC_IMPLEMENTATIONS = YES;
				CLANG_WARN_DIRECT_OBJC_ISA_USAGE = YES_ERROR;
				CLANG_WARN_DOCUMENTATION_COMMENTS = YES;
				CLANG_WARN_EMPTY_BODY = YES;
				CLANG_WARN_ENUM_CONVERSION = YES;
				CLANG_WARN_INFINITE_RECURSION = YES;
				CLANG_WARN_INT_CONVERSION = YES;
				CLANG_WARN_NON_LITERAL_NULL_CONVERSION = YES;
				CLANG_WARN_OBJC_IMPLICIT_RETAIN_SELF = YES;
				CLANG_WARN_OBJC_LITERAL_CONVERSION = YES;
				CLANG_WARN_OBJC_ROOT_CLASS = YES_ERROR;
				CLANG_WARN_QUOTED_INCLUDE_IN_FRAMEWORK_HEADER = YES;
				CLANG_WARN_RANGE_LOOP_ANALYSIS = YES;
				CLANG_WARN_STRICT_PROTOTYPES = YES;
				CLANG_WARN_SUSPICIOUS_MOVE = YES;
				CLANG_WARN_UNGUARDED_AVAILABILITY = YES_AGGRESSIVE;
				CLANG_WARN_UNREACHABLE_CODE = YES;
				CLANG_WARN__DUPLICATE_METHOD_MATCH = YES;
				COPY_PHASE_STRIP = NO;
				DEBUG_INFORMATION_FORMAT = "dwarf-with-dsym";
				ENABLE_NS_ASSERTIONS = NO;
				ENABLE_STRICT_OBJC_MSGSEND = YES;
				GCC_C_LANGUAGE_STANDARD = gnu11;
				GCC_NO_COMMON_BLOCKS = YES;
				GCC_WARN_64_TO_32_BIT_CONVERSION = YES;
				GCC_WARN_ABOUT_RETURN_TYPE = YES_ERROR;
				GCC_WARN_UNDECLARED_SELECTOR = YES;
				GCC_WARN_UNINITIALIZED_AUTOS = YES_AGGRESSIVE;
				GCC_WARN_UNUSED_FUNCTION = YES;
				GCC_WARN_UNUSED_VARIABLE = YES;
				IPHONEOS_DEPLOYMENT_TARGET = 14.4;
				MTL_ENABLE_DEBUG_INFO = NO;
				MTL_FAST_MATH = YES;
				SDKROOT = iphoneos;
				SWIFT_COMPILATION_MODE = wholemodule;
				SWIFT_OPTIMIZATION_LEVEL = "-O";
				VALIDATE_PRODUCT = YES;
			};
			name = Release;
		};
		55E6EF192A214207001D6192 /* Debug */ = {
			isa = XCBuildConfiguration;
			buildSettings = {
				ASSETCATALOG_COMPILER_APPICON_NAME = AppIcon;
				ASSETCATALOG_COMPILER_GLOBAL_ACCENT_COLOR_NAME = AccentColor;
				CODE_SIGN_STYLE = Automatic;
				INFOPLIST_FILE = YoutubeProject/Info.plist;
				LD_RUNPATH_SEARCH_PATHS = (
					"$(inherited)",
					"@executable_path/Frameworks",
				);
				PRODUCT_BUNDLE_IDENTIFIER = com.YoutubeProject;
				PRODUCT_NAME = "$(TARGET_NAME)";
				SWIFT_VERSION = 5.0;
				TARGETED_DEVICE_FAMILY = "1,2";
			};
			name = Debug;
		};
		55E6EF1A2A214207001D6192 /* Release */ = {
			isa = XCBuildConfiguration;
			buildSettings = {
				ASSETCATALOG_COMPILER_APPICON_NAME = AppIcon;
				ASSETCATALOG_COMPILER_GLOBAL_ACCENT_COLOR_NAME = AccentColor;
				CODE_SIGN_STYLE = Automatic;
				INFOPLIST_FILE = YoutubeProject/Info.plist;
				LD_RUNPATH_SEARCH_PATHS = (
					"$(inherited)",
					"@executable_path/Frameworks",
				);
				PRODUCT_BUNDLE_IDENTIFIER = com.YoutubeProject;
				PRODUCT_NAME = "$(TARGET_NAME)";
				SWIFT_VERSION = 5.0;
				TARGETED_DEVICE_FAMILY = "1,2";
			};
			name = Release;
		};
		55E6EF1C2A214207001D6192 /* Debug */ = {
			isa = XCBuildConfiguration;
			buildSettings = {
				ALWAYS_EMBED_SWIFT_STANDARD_LIBRARIES = YES;
				BUNDLE_LOADER = "$(TEST_HOST)";
				CODE_SIGN_STYLE = Automatic;
				INFOPLIST_FILE = YoutubeProjectTests/Info.plist;
				IPHONEOS_DEPLOYMENT_TARGET = 14.4;
				LD_RUNPATH_SEARCH_PATHS = (
					"$(inherited)",
					"@executable_path/Frameworks",
					"@loader_path/Frameworks",
				);
				PRODUCT_BUNDLE_IDENTIFIER = com.YoutubeProjectTests;
				PRODUCT_NAME = "$(TARGET_NAME)";
				SWIFT_VERSION = 5.0;
				TARGETED_DEVICE_FAMILY = "1,2";
				TEST_HOST = "$(BUILT_PRODUCTS_DIR)/YoutubeProject.app/YoutubeProject";
			};
			name = Debug;
		};
		55E6EF1D2A214207001D6192 /* Release */ = {
			isa = XCBuildConfiguration;
			buildSettings = {
				ALWAYS_EMBED_SWIFT_STANDARD_LIBRARIES = YES;
				BUNDLE_LOADER = "$(TEST_HOST)";
				CODE_SIGN_STYLE = Automatic;
				INFOPLIST_FILE = YoutubeProjectTests/Info.plist;
				IPHONEOS_DEPLOYMENT_TARGET = 14.4;
				LD_RUNPATH_SEARCH_PATHS = (
					"$(inherited)",
					"@executable_path/Frameworks",
					"@loader_path/Frameworks",
				);
				PRODUCT_BUNDLE_IDENTIFIER = com.YoutubeProjectTests;
				PRODUCT_NAME = "$(TARGET_NAME)";
				SWIFT_VERSION = 5.0;
				TARGETED_DEVICE_FAMILY = "1,2";
				TEST_HOST = "$(BUILT_PRODUCTS_DIR)/YoutubeProject.app/YoutubeProject";
			};
			name = Release;
		};
		55E6EF1F2A214207001D6192 /* Debug */ = {
			isa = XCBuildConfiguration;
			buildSettings = {
				ALWAYS_EMBED_SWIFT_STANDARD_LIBRARIES = YES;
				CODE_SIGN_STYLE = Automatic;
				INFOPLIST_FILE = YoutubeProjectUITests/Info.plist;
				LD_RUNPATH_SEARCH_PATHS = (
					"$(inherited)",
					"@executable_path/Frameworks",
					"@loader_path/Frameworks",
				);
				PRODUCT_BUNDLE_IDENTIFIER = com.YoutubeProjectUITests;
				PRODUCT_NAME = "$(TARGET_NAME)";
				SWIFT_VERSION = 5.0;
				TARGETED_DEVICE_FAMILY = "1,2";
				TEST_TARGET_NAME = YoutubeProject;
			};
			name = Debug;
		};
		55E6EF202A214207001D6192 /* Release */ = {
			isa = XCBuildConfiguration;
			buildSettings = {
				ALWAYS_EMBED_SWIFT_STANDARD_LIBRARIES = YES;
				CODE_SIGN_STYLE = Automatic;
				INFOPLIST_FILE = YoutubeProjectUITests/Info.plist;
				LD_RUNPATH_SEARCH_PATHS = (
					"$(inherited)",
					"@executable_path/Frameworks",
					"@loader_path/Frameworks",
				);
				PRODUCT_BUNDLE_IDENTIFIER = com.YoutubeProjectUITests;
				PRODUCT_NAME = "$(TARGET_NAME)";
				SWIFT_VERSION = 5.0;
				TARGETED_DEVICE_FAMILY = "1,2";
				TEST_TARGET_NAME = YoutubeProject;
			};
			name = Release;
		};
/* End XCBuildConfiguration section */

/* Begin XCConfigurationList section */
		55E6EEE92A2141FA001D6192 /* Build configuration list for PBXProject "YoutubeProject" */ = {
			isa = XCConfigurationList;
			buildConfigurations = (
				55E6EF162A214207001D6192 /* Debug */,
				55E6EF172A214207001D6192 /* Release */,
			);
			defaultConfigurationIsVisible = 0;
			defaultConfigurationName = Release;
		};
		55E6EF182A214207001D6192 /* Build configuration list for PBXNativeTarget "YoutubeProject" */ = {
			isa = XCConfigurationList;
			buildConfigurations = (
				55E6EF192A214207001D6192 /* Debug */,
				55E6EF1A2A214207001D6192 /* Release */,
			);
			defaultConfigurationIsVisible = 0;
			defaultConfigurationName = Release;
		};
		55E6EF1B2A214207001D6192 /* Build configuration list for PBXNativeTarget "YoutubeProjectTests" */ = {
			isa = XCConfigurationList;
			buildConfigurations = (
				55E6EF1C2A214207001D6192 /* Debug */,
				55E6EF1D2A214207001D6192 /* Release */,
			);
			defaultConfigurationIsVisible = 0;
			defaultConfigurationName = Release;
		};
		55E6EF1E2A214207001D6192 /* Build configuration list for PBXNativeTarget "YoutubeProjectUITests" */ = {
			isa = XCConfigurationList;
			buildConfigurations = (
				55E6EF1F2A214207001D6192 /* Debug */,
				55E6EF202A214207001D6192 /* Release */,
			);
			defaultConfigurationIsVisible = 0;
			defaultConfigurationName = Release;
		};
/* End XCConfigurationList section */
	};
	rootObject = 55E6EEE62A2141FA001D6192 /* Project object */;
}
